
Microsoft Visual Studio Solution File, Format Version 12.00
# Visual Studio Version 17
VisualStudioVersion = 17.14.35821.62
MinimumVisualStudioVersion = 10.0.40219.1
Project("{FAE04EC0-301F-11D3-BF4B-00C04F79EFBC}") = "StunPages", "StunPages.csproj", "{15AC6FCC-BF01-4CED-1202-20CF0E69696E}"
EndProject
Global
	GlobalSection(SolutionConfigurationPlatforms) = preSolution
		Debug|Any CPU = Debug|Any CPU
		Release|Any CPU = Release|Any CPU
	EndGlobalSection
	GlobalSection(ProjectConfigurationPlatforms) = postSolution
		{15AC6FCC-BF01-4CED-1202-20CF0E69696E}.Debug|Any CPU.ActiveCfg = Debug|Any CPU
		{15AC6FCC-BF01-4CED-1202-20CF0E69696E}.Debug|Any CPU.Build.0 = Debug|Any CPU
		{15AC6FCC-BF01-4CED-1202-20CF0E69696E}.Release|Any CPU.ActiveCfg = Release|Any CPU
		{15AC6FCC-BF01-4CED-1202-20CF0E69696E}.Release|Any CPU.Build.0 = Release|Any CPU
	EndGlobalSection
	GlobalSection(SolutionProperties) = preSolution
		HideSolutionNode = FALSE
	EndGlobalSection
	GlobalSection(ExtensibilityGlobals) = postSolution
		SolutionGuid = {BB01B4E8-BB70-44B7-86B1-FE33B013401E}
	EndGlobalSection
EndGlobal
